{
  "name": "uniapp-red-web",
  "lockfileVersion": 2,
  "requires": true,
  "packages": {
    "": {
      "dependencies": {
        "@dcloudio/uni-ui": "^1.5.0"
      }
    },
    "node_modules/@dcloudio/uni-ui": {
      "version": "1.5.0",
      "resolved": "https://registry.npmjs.org/@dcloudio/uni-ui/-/uni-ui-1.5.0.tgz",
      "integrity": "sha512-E7D37VbRZeh1E2yzrIie8psBckIrErdkUbUA751rlG8zdioGovW3zOuUsKgY+Gh7csMvi6XMEoSacvboe8o4Gw=="
    }
  },
  "dependencies": {
    "@dcloudio/uni-ui": {
      "version": "1.5.0",
      "resolved": "https://registry.npmjs.org/@dcloudio/uni-ui/-/uni-ui-1.5.0.tgz",
      "integrity": "sha512-E7D37VbRZeh1E2yzrIie8psBckIrErdkUbUA751rlG8zdioGovW3zOuUsKgY+Gh7csMvi6XMEoSacvboe8o4Gw=="
    }
  }
}
